
Microsoft Visual Studio Solution File, Format Version 12.00
# Visual Studio Version 17
VisualStudioVersion = 17.6.33829.357
MinimumVisualStudioVersion = 10.0.40219.1
Project("{9A19103F-16F7-4668-BE54-9A1E7A4F7556}") = "C#_practice_1", "C#_practice_1\C#_practice_1.csproj", "{47AC4ECA-F068-4655-8663-302CC3694967}"
EndProject
Project("{9A19103F-16F7-4668-BE54-9A1E7A4F7556}") = "Multiplication_Table", "Multiplication_Table\Multiplication_Table.csproj", "{15A3D055-840E-4C7C-B81B-A1C22E35FD0B}"
EndProject
Project("{9A19103F-16F7-4668-BE54-9A1E7A4F7556}") = "CelsiusCoverter", "CelsiusCoverter\CelsiusCoverter.csproj", "{D64F2225-660A-409C-9017-942DA24860DE}"
EndProject
Project("{9A19103F-16F7-4668-BE54-9A1E7A4F7556}") = "PositionChanger", "PositionChanger\PositionChanger.csproj", "{E2BFFB41-3F71-4268-B21C-48C03D5A9066}"
EndProject
Project("{9A19103F-16F7-4668-BE54-9A1E7A4F7556}") = "SumTwoIntAlgo", "SumTwoIntAlgo\SumTwoIntAlgo.csproj", "{B076A3E2-33F5-43D1-8AAF-6A92AFABFF2D}"
EndProject
Project("{9A19103F-16F7-4668-BE54-9A1E7A4F7556}") = "CharacterRemover", "CharacterRemover\CharacterRemover.csproj", "{53C6D1D7-58B8-4B0C-9D28-0FDFEFDB03C7}"
EndProject
Project("{9A19103F-16F7-4668-BE54-9A1E7A4F7556}") = "FirstTwoCharacterChecker", "FirstTwoCharacterChecker\FirstTwoCharacterChecker.csproj", "{563757B4-BF4F-460D-BB51-9AAF41A05D4D}"
EndProject
Project("{9A19103F-16F7-4668-BE54-9A1E7A4F7556}") = "LargestValue", "LargestValue\LargestValue.csproj", "{21A1BD28-52CA-4003-A042-500C8AA2EFA6}"
EndProject
Project("{9A19103F-16F7-4668-BE54-9A1E7A4F7556}") = "ElectricityBill", "ElectricityBill\ElectricityBill.csproj", "{4153A43E-40D3-45D5-869D-B98676D87506}"
EndProject
Project("{9A19103F-16F7-4668-BE54-9A1E7A4F7556}") = "TriangleWithAnAsterisk", "TriangleWithAnAsterisk\TriangleWithAnAsterisk.csproj", "{59F15B46-F04F-4B5C-86FE-373754DE27CD}"
EndProject
Project("{9A19103F-16F7-4668-BE54-9A1E7A4F7556}") = "Factorial", "Factorial\Factorial.csproj", "{A1A2A592-A45C-46CA-BA01-8D6C8A21938F}"
EndProject
Project("{9A19103F-16F7-4668-BE54-9A1E7A4F7556}") = "NaturalNumbersAndSum", "NaturalNumbersAndSum\NaturalNumbersAndSum.csproj", "{8F2CE3A2-5943-4FDC-AFDC-4A5242D33543}"
EndProject
Project("{9A19103F-16F7-4668-BE54-9A1E7A4F7556}") = "BinaryConverter", "BinaryConverter\BinaryConverter.csproj", "{50970B65-6D49-4F07-8916-A54E5562F10A}"
EndProject
Project("{9A19103F-16F7-4668-BE54-9A1E7A4F7556}") = "ReadAndReverseArray", "ReadAndReverseArray\ReadAndReverseArray.csproj", "{E3862172-7F60-42AD-AEA0-C25DAF48ED3C}"
EndProject
Project("{9A19103F-16F7-4668-BE54-9A1E7A4F7556}") = "UniqueElemsInArray", "UniqueElemsInArray\UniqueElemsInArray.csproj", "{BEB21EBA-912E-4000-9BE8-79F3F48B68B2}"
EndProject
Project("{9A19103F-16F7-4668-BE54-9A1E7A4F7556}") = "EvOdMxMnArray", "EvOdMxMnArray\EvOdMxMnArray.csproj", "{373155B5-112B-45B9-9581-4F7AD349D8FE}"
EndProject
Project("{9A19103F-16F7-4668-BE54-9A1E7A4F7556}") = "SpaceCounter", "SpaceCounter\SpaceCounter.csproj", "{E5EE5F70-9D93-48DD-B3B1-640E0F828BC2}"
EndProject
Project("{9A19103F-16F7-4668-BE54-9A1E7A4F7556}") = "Recursion", "Recursion\Recursion.csproj", "{EB58513C-9CBC-4684-B3C9-49081590C728}"
EndProject
Project("{9A19103F-16F7-4668-BE54-9A1E7A4F7556}") = "PasswordValidatorWithREGEX", "PasswordValidatorWithREGEX\PasswordValidatorWithREGEX.csproj", "{1FC2419B-EB0F-4242-B8AF-0F56DD43E90E}"
EndProject
Project("{9A19103F-16F7-4668-BE54-9A1E7A4F7556}") = "FndNumWithLinq", "test\FndNumWithLinq.csproj", "{17A81EDE-FC17-4EEF-9ED0-6BF91C162FAE}"
EndProject
Project("{9A19103F-16F7-4668-BE54-9A1E7A4F7556}") = "CharacterFinderLinq", "CharacterFinderLinq\CharacterFinderLinq.csproj", "{DA383186-FC10-48E7-BA53-AC167C65E3FA}"
EndProject
Project("{9A19103F-16F7-4668-BE54-9A1E7A4F7556}") = "EmployeeUseStruct", "EmployeeUseStruct\EmployeeUseStruct.csproj", "{B243BC32-C09C-48D8-9797-C33979FF5D00}"
EndProject
Project("{9A19103F-16F7-4668-BE54-9A1E7A4F7556}") = "WeekDayFinder", "WeekDayFinder\WeekDayFinder.csproj", "{A6A17A36-8D74-41E4-BDF8-5B272A829560}"
EndProject
Project("{FAE04EC0-301F-11D3-BF4B-00C04F79EFBC}") = "CreateTextFile", "CreateTextFile\CreateTextFile.csproj", "{494B99D8-0B84-4BD3-9BF0-5CD500EF77E7}"
EndProject
Project("{FAE04EC0-301F-11D3-BF4B-00C04F79EFBC}") = "BubbleSort", "BubbleSort\BubbleSort.csproj", "{B9E0369E-3825-44CA-9F0B-22864D3C61BE}"
EndProject
Project("{2150E333-8FDC-42A3-9474-1A3956D46DE8}") = "Algorithm", "Algorithm", "{5800B7A8-09E6-45C5-A0F0-D91CBEF14FEC}"
EndProject
Global
	GlobalSection(SolutionConfigurationPlatforms) = preSolution
		Debug|Any CPU = Debug|Any CPU
		Release|Any CPU = Release|Any CPU
	EndGlobalSection
	GlobalSection(ProjectConfigurationPlatforms) = postSolution
		{47AC4ECA-F068-4655-8663-302CC3694967}.Debug|Any CPU.ActiveCfg = Debug|Any CPU
		{47AC4ECA-F068-4655-8663-302CC3694967}.Debug|Any CPU.Build.0 = Debug|Any CPU
		{47AC4ECA-F068-4655-8663-302CC3694967}.Release|Any CPU.ActiveCfg = Release|Any CPU
		{47AC4ECA-F068-4655-8663-302CC3694967}.Release|Any CPU.Build.0 = Release|Any CPU
		{15A3D055-840E-4C7C-B81B-A1C22E35FD0B}.Debug|Any CPU.ActiveCfg = Debug|Any CPU
		{15A3D055-840E-4C7C-B81B-A1C22E35FD0B}.Debug|Any CPU.Build.0 = Debug|Any CPU
		{15A3D055-840E-4C7C-B81B-A1C22E35FD0B}.Release|Any CPU.ActiveCfg = Release|Any CPU
		{15A3D055-840E-4C7C-B81B-A1C22E35FD0B}.Release|Any CPU.Build.0 = Release|Any CPU
		{D64F2225-660A-409C-9017-942DA24860DE}.Debug|Any CPU.ActiveCfg = Debug|Any CPU
		{D64F2225-660A-409C-9017-942DA24860DE}.Debug|Any CPU.Build.0 = Debug|Any CPU
		{D64F2225-660A-409C-9017-942DA24860DE}.Release|Any CPU.ActiveCfg = Release|Any CPU
		{D64F2225-660A-409C-9017-942DA24860DE}.Release|Any CPU.Build.0 = Release|Any CPU
		{E2BFFB41-3F71-4268-B21C-48C03D5A9066}.Debug|Any CPU.ActiveCfg = Debug|Any CPU
		{E2BFFB41-3F71-4268-B21C-48C03D5A9066}.Debug|Any CPU.Build.0 = Debug|Any CPU
		{E2BFFB41-3F71-4268-B21C-48C03D5A9066}.Release|Any CPU.ActiveCfg = Release|Any CPU
		{E2BFFB41-3F71-4268-B21C-48C03D5A9066}.Release|Any CPU.Build.0 = Release|Any CPU
		{B076A3E2-33F5-43D1-8AAF-6A92AFABFF2D}.Debug|Any CPU.ActiveCfg = Debug|Any CPU
		{B076A3E2-33F5-43D1-8AAF-6A92AFABFF2D}.Debug|Any CPU.Build.0 = Debug|Any CPU
		{B076A3E2-33F5-43D1-8AAF-6A92AFABFF2D}.Release|Any CPU.ActiveCfg = Release|Any CPU
		{B076A3E2-33F5-43D1-8AAF-6A92AFABFF2D}.Release|Any CPU.Build.0 = Release|Any CPU
		{53C6D1D7-58B8-4B0C-9D28-0FDFEFDB03C7}.Debug|Any CPU.ActiveCfg = Debug|Any CPU
		{53C6D1D7-58B8-4B0C-9D28-0FDFEFDB03C7}.Debug|Any CPU.Build.0 = Debug|Any CPU
		{53C6D1D7-58B8-4B0C-9D28-0FDFEFDB03C7}.Release|Any CPU.ActiveCfg = Release|Any CPU
		{53C6D1D7-58B8-4B0C-9D28-0FDFEFDB03C7}.Release|Any CPU.Build.0 = Release|Any CPU
		{563757B4-BF4F-460D-BB51-9AAF41A05D4D}.Debug|Any CPU.ActiveCfg = Debug|Any CPU
		{563757B4-BF4F-460D-BB51-9AAF41A05D4D}.Debug|Any CPU.Build.0 = Debug|Any CPU
		{563757B4-BF4F-460D-BB51-9AAF41A05D4D}.Release|Any CPU.ActiveCfg = Release|Any CPU
		{563757B4-BF4F-460D-BB51-9AAF41A05D4D}.Release|Any CPU.Build.0 = Release|Any CPU
		{21A1BD28-52CA-4003-A042-500C8AA2EFA6}.Debug|Any CPU.ActiveCfg = Debug|Any CPU
		{21A1BD28-52CA-4003-A042-500C8AA2EFA6}.Debug|Any CPU.Build.0 = Debug|Any CPU
		{21A1BD28-52CA-4003-A042-500C8AA2EFA6}.Release|Any CPU.ActiveCfg = Release|Any CPU
		{21A1BD28-52CA-4003-A042-500C8AA2EFA6}.Release|Any CPU.Build.0 = Release|Any CPU
		{4153A43E-40D3-45D5-869D-B98676D87506}.Debug|Any CPU.ActiveCfg = Debug|Any CPU
		{4153A43E-40D3-45D5-869D-B98676D87506}.Debug|Any CPU.Build.0 = Debug|Any CPU
		{4153A43E-40D3-45D5-869D-B98676D87506}.Release|Any CPU.ActiveCfg = Release|Any CPU
		{4153A43E-40D3-45D5-869D-B98676D87506}.Release|Any CPU.Build.0 = Release|Any CPU
		{59F15B46-F04F-4B5C-86FE-373754DE27CD}.Debug|Any CPU.ActiveCfg = Debug|Any CPU
		{59F15B46-F04F-4B5C-86FE-373754DE27CD}.Debug|Any CPU.Build.0 = Debug|Any CPU
		{59F15B46-F04F-4B5C-86FE-373754DE27CD}.Release|Any CPU.ActiveCfg = Release|Any CPU
		{59F15B46-F04F-4B5C-86FE-373754DE27CD}.Release|Any CPU.Build.0 = Release|Any CPU
		{A1A2A592-A45C-46CA-BA01-8D6C8A21938F}.Debug|Any CPU.ActiveCfg = Debug|Any CPU
		{A1A2A592-A45C-46CA-BA01-8D6C8A21938F}.Debug|Any CPU.Build.0 = Debug|Any CPU
		{A1A2A592-A45C-46CA-BA01-8D6C8A21938F}.Release|Any CPU.ActiveCfg = Release|Any CPU
		{A1A2A592-A45C-46CA-BA01-8D6C8A21938F}.Release|Any CPU.Build.0 = Release|Any CPU
		{8F2CE3A2-5943-4FDC-AFDC-4A5242D33543}.Debug|Any CPU.ActiveCfg = Debug|Any CPU
		{8F2CE3A2-5943-4FDC-AFDC-4A5242D33543}.Debug|Any CPU.Build.0 = Debug|Any CPU
		{8F2CE3A2-5943-4FDC-AFDC-4A5242D33543}.Release|Any CPU.ActiveCfg = Release|Any CPU
		{8F2CE3A2-5943-4FDC-AFDC-4A5242D33543}.Release|Any CPU.Build.0 = Release|Any CPU
		{50970B65-6D49-4F07-8916-A54E5562F10A}.Debug|Any CPU.ActiveCfg = Debug|Any CPU
		{50970B65-6D49-4F07-8916-A54E5562F10A}.Debug|Any CPU.Build.0 = Debug|Any CPU
		{50970B65-6D49-4F07-8916-A54E5562F10A}.Release|Any CPU.ActiveCfg = Release|Any CPU
		{50970B65-6D49-4F07-8916-A54E5562F10A}.Release|Any CPU.Build.0 = Release|Any CPU
		{E3862172-7F60-42AD-AEA0-C25DAF48ED3C}.Debug|Any CPU.ActiveCfg = Debug|Any CPU
		{E3862172-7F60-42AD-AEA0-C25DAF48ED3C}.Debug|Any CPU.Build.0 = Debug|Any CPU
		{E3862172-7F60-42AD-AEA0-C25DAF48ED3C}.Release|Any CPU.ActiveCfg = Release|Any CPU
		{E3862172-7F60-42AD-AEA0-C25DAF48ED3C}.Release|Any CPU.Build.0 = Release|Any CPU
		{BEB21EBA-912E-4000-9BE8-79F3F48B68B2}.Debug|Any CPU.ActiveCfg = Debug|Any CPU
		{BEB21EBA-912E-4000-9BE8-79F3F48B68B2}.Debug|Any CPU.Build.0 = Debug|Any CPU
		{BEB21EBA-912E-4000-9BE8-79F3F48B68B2}.Release|Any CPU.ActiveCfg = Release|Any CPU
		{BEB21EBA-912E-4000-9BE8-79F3F48B68B2}.Release|Any CPU.Build.0 = Release|Any CPU
		{373155B5-112B-45B9-9581-4F7AD349D8FE}.Debug|Any CPU.ActiveCfg = Debug|Any CPU
		{373155B5-112B-45B9-9581-4F7AD349D8FE}.Debug|Any CPU.Build.0 = Debug|Any CPU
		{373155B5-112B-45B9-9581-4F7AD349D8FE}.Release|Any CPU.ActiveCfg = Release|Any CPU
		{373155B5-112B-45B9-9581-4F7AD349D8FE}.Release|Any CPU.Build.0 = Release|Any CPU
		{E5EE5F70-9D93-48DD-B3B1-640E0F828BC2}.Debug|Any CPU.ActiveCfg = Debug|Any CPU
		{E5EE5F70-9D93-48DD-B3B1-640E0F828BC2}.Debug|Any CPU.Build.0 = Debug|Any CPU
		{E5EE5F70-9D93-48DD-B3B1-640E0F828BC2}.Release|Any CPU.ActiveCfg = Release|Any CPU
		{E5EE5F70-9D93-48DD-B3B1-640E0F828BC2}.Release|Any CPU.Build.0 = Release|Any CPU
		{EB58513C-9CBC-4684-B3C9-49081590C728}.Debug|Any CPU.ActiveCfg = Debug|Any CPU
		{EB58513C-9CBC-4684-B3C9-49081590C728}.Debug|Any CPU.Build.0 = Debug|Any CPU
		{EB58513C-9CBC-4684-B3C9-49081590C728}.Release|Any CPU.ActiveCfg = Release|Any CPU
		{EB58513C-9CBC-4684-B3C9-49081590C728}.Release|Any CPU.Build.0 = Release|Any CPU
		{1FC2419B-EB0F-4242-B8AF-0F56DD43E90E}.Debug|Any CPU.ActiveCfg = Debug|Any CPU
		{1FC2419B-EB0F-4242-B8AF-0F56DD43E90E}.Debug|Any CPU.Build.0 = Debug|Any CPU
		{1FC2419B-EB0F-4242-B8AF-0F56DD43E90E}.Release|Any CPU.ActiveCfg = Release|Any CPU
		{1FC2419B-EB0F-4242-B8AF-0F56DD43E90E}.Release|Any CPU.Build.0 = Release|Any CPU
		{17A81EDE-FC17-4EEF-9ED0-6BF91C162FAE}.Debug|Any CPU.ActiveCfg = Debug|Any CPU
		{17A81EDE-FC17-4EEF-9ED0-6BF91C162FAE}.Debug|Any CPU.Build.0 = Debug|Any CPU
		{17A81EDE-FC17-4EEF-9ED0-6BF91C162FAE}.Release|Any CPU.ActiveCfg = Release|Any CPU
		{17A81EDE-FC17-4EEF-9ED0-6BF91C162FAE}.Release|Any CPU.Build.0 = Release|Any CPU
		{DA383186-FC10-48E7-BA53-AC167C65E3FA}.Debug|Any CPU.ActiveCfg = Debug|Any CPU
		{DA383186-FC10-48E7-BA53-AC167C65E3FA}.Debug|Any CPU.Build.0 = Debug|Any CPU
		{DA383186-FC10-48E7-BA53-AC167C65E3FA}.Release|Any CPU.ActiveCfg = Release|Any CPU
		{DA383186-FC10-48E7-BA53-AC167C65E3FA}.Release|Any CPU.Build.0 = Release|Any CPU
		{B243BC32-C09C-48D8-9797-C33979FF5D00}.Debug|Any CPU.ActiveCfg = Debug|Any CPU
		{B243BC32-C09C-48D8-9797-C33979FF5D00}.Debug|Any CPU.Build.0 = Debug|Any CPU
		{B243BC32-C09C-48D8-9797-C33979FF5D00}.Release|Any CPU.ActiveCfg = Release|Any CPU
		{B243BC32-C09C-48D8-9797-C33979FF5D00}.Release|Any CPU.Build.0 = Release|Any CPU
		{A6A17A36-8D74-41E4-BDF8-5B272A829560}.Debug|Any CPU.ActiveCfg = Debug|Any CPU
		{A6A17A36-8D74-41E4-BDF8-5B272A829560}.Debug|Any CPU.Build.0 = Debug|Any CPU
		{A6A17A36-8D74-41E4-BDF8-5B272A829560}.Release|Any CPU.ActiveCfg = Release|Any CPU
		{A6A17A36-8D74-41E4-BDF8-5B272A829560}.Release|Any CPU.Build.0 = Release|Any CPU
		{494B99D8-0B84-4BD3-9BF0-5CD500EF77E7}.Debug|Any CPU.ActiveCfg = Debug|Any CPU
		{494B99D8-0B84-4BD3-9BF0-5CD500EF77E7}.Debug|Any CPU.Build.0 = Debug|Any CPU
		{494B99D8-0B84-4BD3-9BF0-5CD500EF77E7}.Release|Any CPU.ActiveCfg = Release|Any CPU
		{494B99D8-0B84-4BD3-9BF0-5CD500EF77E7}.Release|Any CPU.Build.0 = Release|Any CPU
		{B9E0369E-3825-44CA-9F0B-22864D3C61BE}.Debug|Any CPU.ActiveCfg = Debug|Any CPU
		{B9E0369E-3825-44CA-9F0B-22864D3C61BE}.Debug|Any CPU.Build.0 = Debug|Any CPU
		{B9E0369E-3825-44CA-9F0B-22864D3C61BE}.Release|Any CPU.ActiveCfg = Release|Any CPU
		{B9E0369E-3825-44CA-9F0B-22864D3C61BE}.Release|Any CPU.Build.0 = Release|Any CPU
	EndGlobalSection
	GlobalSection(SolutionProperties) = preSolution
		HideSolutionNode = FALSE
	EndGlobalSection
	GlobalSection(NestedProjects) = preSolution
		{B9E0369E-3825-44CA-9F0B-22864D3C61BE} = {5800B7A8-09E6-45C5-A0F0-D91CBEF14FEC}
	EndGlobalSection
	GlobalSection(ExtensibilityGlobals) = postSolution
		SolutionGuid = {83C41A33-25A5-42AC-856B-CFF105F73320}
	EndGlobalSection
EndGlobal
